
Microsoft Visual Studio Solution File, Format Version 12.00
# Visual Studio Version 17
VisualStudioVersion = 17.7.34024.191
MinimumVisualStudioVersion = 10.0.40219.1
Project("{9A19103F-16F7-4668-BE54-9A1E7A4F7556}") = "Lab_12_2", "Lab_12_2\Lab_12_2.csproj", "{A2BCAD51-586B-4D3C-9E6E-1C38172B5649}"
EndProject
Project("{9A19103F-16F7-4668-BE54-9A1E7A4F7556}") = "ClassLibrary", "..\Labb_10\MusicalInstrument\ClassLibrary.csproj", "{2AA044B1-4656-4559-8FF2-0BD40F8EBBFF}"
EndProject
Project("{FAE04EC0-301F-11D3-BF4B-00C04F79EFBC}") = "TestProject1", "TestProject1\TestProject1.csproj", "{3865E591-A6E9-4B43-A973-E556BA905E23}"
EndProject
Global
	GlobalSection(SolutionConfigurationPlatforms) = preSolution
		Debug|Any CPU = Debug|Any CPU
		Release|Any CPU = Release|Any CPU
	EndGlobalSection
	GlobalSection(ProjectConfigurationPlatforms) = postSolution
		{A2BCAD51-586B-4D3C-9E6E-1C38172B5649}.Debug|Any CPU.ActiveCfg = Debug|Any CPU
		{A2BCAD51-586B-4D3C-9E6E-1C38172B5649}.Debug|Any CPU.Build.0 = Debug|Any CPU
		{A2BCAD51-586B-4D3C-9E6E-1C38172B5649}.Release|Any CPU.ActiveCfg = Release|Any CPU
		{A2BCAD51-586B-4D3C-9E6E-1C38172B5649}.Release|Any CPU.Build.0 = Release|Any CPU
		{2AA044B1-4656-4559-8FF2-0BD40F8EBBFF}.Debug|Any CPU.ActiveCfg = Debug|Any CPU
		{2AA044B1-4656-4559-8FF2-0BD40F8EBBFF}.Debug|Any CPU.Build.0 = Debug|Any CPU
		{2AA044B1-4656-4559-8FF2-0BD40F8EBBFF}.Release|Any CPU.ActiveCfg = Release|Any CPU
		{2AA044B1-4656-4559-8FF2-0BD40F8EBBFF}.Release|Any CPU.Build.0 = Release|Any CPU
		{3865E591-A6E9-4B43-A973-E556BA905E23}.Debug|Any CPU.ActiveCfg = Debug|Any CPU
		{3865E591-A6E9-4B43-A973-E556BA905E23}.Debug|Any CPU.Build.0 = Debug|Any CPU
		{3865E591-A6E9-4B43-A973-E556BA905E23}.Release|Any CPU.ActiveCfg = Release|Any CPU
		{3865E591-A6E9-4B43-A973-E556BA905E23}.Release|Any CPU.Build.0 = Release|Any CPU
	EndGlobalSection
	GlobalSection(SolutionProperties) = preSolution
		HideSolutionNode = FALSE
	EndGlobalSection
	GlobalSection(ExtensibilityGlobals) = postSolution
		SolutionGuid = {3742AAE7-CFA2-4BCC-A85F-94C0D76E84EA}
	EndGlobalSection
EndGlobal
